
Microsoft Visual Studio Solution File, Format Version 12.00
# Visual Studio Version 16
VisualStudioVersion = 16.0.31129.286
MinimumVisualStudioVersion = 10.0.40219.1
Project("{9A19103F-16F7-4668-BE54-9A1E7A4F7556}") = "LD48", "LD48\LD48.csproj", "{693C5749-842A-444F-91E0-A25FC30A3C47}"
EndProject
Project("{D954291E-2A0B-460D-934E-DC6B0785DB48}") = "Machina", "machina\Machina.shproj", "{A0CDBD0E-3A41-42B7-9425-A838BC2C7383}"
EndProject
Global
	GlobalSection(SharedMSBuildProjectFiles) = preSolution
		machina\Machina.projitems*{693c5749-842a-444f-91e0-a25fc30a3c47}*SharedItemsImports = 5
		machina\Machina.projitems*{a0cdbd0e-3a41-42b7-9425-a838bc2c7383}*SharedItemsImports = 13
	EndGlobalSection
	GlobalSection(SolutionConfigurationPlatforms) = preSolution
		Debug|Any CPU = Debug|Any CPU
		Release|Any CPU = Release|Any CPU
	EndGlobalSection
	GlobalSection(ProjectConfigurationPlatforms) = postSolution
		{693C5749-842A-444F-91E0-A25FC30A3C47}.Debug|Any CPU.ActiveCfg = Debug|Any CPU
		{693C5749-842A-444F-91E0-A25FC30A3C47}.Debug|Any CPU.Build.0 = Debug|Any CPU
		{693C5749-842A-444F-91E0-A25FC30A3C47}.Release|Any CPU.ActiveCfg = Release|Any CPU
		{693C5749-842A-444F-91E0-A25FC30A3C47}.Release|Any CPU.Build.0 = Release|Any CPU
	EndGlobalSection
	GlobalSection(SolutionProperties) = preSolution
		HideSolutionNode = FALSE
	EndGlobalSection
	GlobalSection(ExtensibilityGlobals) = postSolution
		SolutionGuid = {7870AD62-8B2B-40EC-A614-4F6C0BFDE0D6}
	EndGlobalSection
EndGlobal
